
Microsoft Visual Studio Solution File, Format Version 12.00
# Visual Studio Version 17
VisualStudioVersion = 17.9.34714.143
MinimumVisualStudioVersion = 10.0.40219.1
Project("{FAE04EC0-301F-11D3-BF4B-00C04F79EFBC}") = "Delegate, Action, Function, Predicate", "Delegate, Action, Function, Predicate\Delegate, Action, Function, Predicate.csproj", "{5B0B9E8A-7FDE-49F6-9FEF-AF34CB87FC05}"
EndProject
Global
	GlobalSection(SolutionConfigurationPlatforms) = preSolution
		Debug|Any CPU = Debug|Any CPU
		Release|Any CPU = Release|Any CPU
	EndGlobalSection
	GlobalSection(ProjectConfigurationPlatforms) = postSolution
		{5B0B9E8A-7FDE-49F6-9FEF-AF34CB87FC05}.Debug|Any CPU.ActiveCfg = Debug|Any CPU
		{5B0B9E8A-7FDE-49F6-9FEF-AF34CB87FC05}.Debug|Any CPU.Build.0 = Debug|Any CPU
		{5B0B9E8A-7FDE-49F6-9FEF-AF34CB87FC05}.Release|Any CPU.ActiveCfg = Release|Any CPU
		{5B0B9E8A-7FDE-49F6-9FEF-AF34CB87FC05}.Release|Any CPU.Build.0 = Release|Any CPU
	EndGlobalSection
	GlobalSection(SolutionProperties) = preSolution
		HideSolutionNode = FALSE
	EndGlobalSection
	GlobalSection(ExtensibilityGlobals) = postSolution
		SolutionGuid = {7F852AEB-9316-490D-90F4-356B80CFC920}
	EndGlobalSection
EndGlobal
