
Microsoft Visual Studio Solution File, Format Version 12.00
# Visual Studio Version 17
VisualStudioVersion = 17.9.34714.143
MinimumVisualStudioVersion = 10.0.40219.1
Project("{FAE04EC0-301F-11D3-BF4B-00C04F79EFBC}") = "Nezerye", "Nezerye\Nezerye.csproj", "{D91BE3B0-24F6-4101-BBB4-9E9DC645B22E}"
EndProject
Global
	GlobalSection(SolutionConfigurationPlatforms) = preSolution
		Debug|Any CPU = Debug|Any CPU
		Release|Any CPU = Release|Any CPU
	EndGlobalSection
	GlobalSection(ProjectConfigurationPlatforms) = postSolution
		{D91BE3B0-24F6-4101-BBB4-9E9DC645B22E}.Debug|Any CPU.ActiveCfg = Debug|Any CPU
		{D91BE3B0-24F6-4101-BBB4-9E9DC645B22E}.Debug|Any CPU.Build.0 = Debug|Any CPU
		{D91BE3B0-24F6-4101-BBB4-9E9DC645B22E}.Release|Any CPU.ActiveCfg = Release|Any CPU
		{D91BE3B0-24F6-4101-BBB4-9E9DC645B22E}.Release|Any CPU.Build.0 = Release|Any CPU
	EndGlobalSection
	GlobalSection(SolutionProperties) = preSolution
		HideSolutionNode = FALSE
	EndGlobalSection
	GlobalSection(ExtensibilityGlobals) = postSolution
		SolutionGuid = {586F9168-5230-4252-822C-8D01C6D800E2}
	EndGlobalSection
EndGlobal
